// !$*UTF8*$!
{
	archiveVersion = 1;
	classes = {
	};
	objectVersion = 50;
	objects = {

/* Begin PBXBuildFile section */
		D9517DC68D2FF02E0886D30B /* libPods-Timer.a in Frameworks */ = {isa = PBXBuildFile; fileRef = F26912F59567F676BA793825 /* libPods-Timer.a */; };
		F109E89B24E4198100BF2391 /* UINavigationController+RootViewController.swift in Sources */ = {isa = PBXBuildFile; fileRef = F109E89A24E4198100BF2391 /* UINavigationController+RootViewController.swift */; };
		F109E89D24E4199600BF2391 /* UINavigationController+SwapTransition.swift in Sources */ = {isa = PBXBuildFile; fileRef = F109E89C24E4199600BF2391 /* UINavigationController+SwapTransition.swift */; };
		F109E89F24E419AA00BF2391 /* UINavigationController+NavigationBarStyle.swift in Sources */ = {isa = PBXBuildFile; fileRef = F109E89E24E419AA00BF2391 /* UINavigationController+NavigationBarStyle.swift */; };
		F109E8A124E419B800BF2391 /* UINavigationController+PopAnimation.swift in Sources */ = {isa = PBXBuildFile; fileRef = F109E8A024E419B800BF2391 /* UINavigationController+PopAnimation.swift */; };
		F109E8A424E41AB900BF2391 /* CGFloat+RGB.swift in Sources */ = {isa = PBXBuildFile; fileRef = F109E8A324E41AB900BF2391 /* CGFloat+RGB.swift */; };
		F109E8A624E41AE700BF2391 /* Int+RGB.swift in Sources */ = {isa = PBXBuildFile; fileRef = F109E8A524E41AE700BF2391 /* Int+RGB.swift */; };
		F109E8A824E41B0D00BF2391 /* UIColor+AppColors.swift in Sources */ = {isa = PBXBuildFile; fileRef = F109E8A724E41B0D00BF2391 /* UIColor+AppColors.swift */; };
		F109E8AB24E41D6F00BF2391 /* UIView+Nib.swift in Sources */ = {isa = PBXBuildFile; fileRef = F109E8AA24E41D6F00BF2391 /* UIView+Nib.swift */; };
		F109E8B024E41DD100BF2391 /* NSObject+ClassName.swift in Sources */ = {isa = PBXBuildFile; fileRef = F109E8AF24E41DD100BF2391 /* NSObject+ClassName.swift */; };
		F109E8B324E41E1100BF2391 /* UIViewController+NavigationBar.swift in Sources */ = {isa = PBXBuildFile; fileRef = F109E8B224E41E1100BF2391 /* UIViewController+NavigationBar.swift */; };
		F109E8B624E4267600BF2391 /* Constants+UI.swift in Sources */ = {isa = PBXBuildFile; fileRef = F109E8B524E4267600BF2391 /* Constants+UI.swift */; };
		F109E8B824E4268000BF2391 /* Constants.swift in Sources */ = {isa = PBXBuildFile; fileRef = F109E8B724E4268000BF2391 /* Constants.swift */; };
		F109E8BB24E426D200BF2391 /* AppDelegateShareable.swift in Sources */ = {isa = PBXBuildFile; fileRef = F109E8BA24E426D200BF2391 /* AppDelegateShareable.swift */; };
		F109E8BD24E426EE00BF2391 /* AutoIdentifierCell.swift in Sources */ = {isa = PBXBuildFile; fileRef = F109E8BC24E426EE00BF2391 /* AutoIdentifierCell.swift */; };
		F109E8BF24E4272600BF2391 /* CommonInitable.swift in Sources */ = {isa = PBXBuildFile; fileRef = F109E8BE24E4272600BF2391 /* CommonInitable.swift */; };
		F109E8C124E4273D00BF2391 /* SceneProtocol.swift in Sources */ = {isa = PBXBuildFile; fileRef = F109E8C024E4273D00BF2391 /* SceneProtocol.swift */; };
		F109E8C324E428A100BF2391 /* StoryboardInstantiable.swift in Sources */ = {isa = PBXBuildFile; fileRef = F109E8C224E428A100BF2391 /* StoryboardInstantiable.swift */; };
		F109E8C524E428F600BF2391 /* BaseView.swift in Sources */ = {isa = PBXBuildFile; fileRef = F109E8C424E428F600BF2391 /* BaseView.swift */; };
		F109E8C724E4290A00BF2391 /* CircleView.swift in Sources */ = {isa = PBXBuildFile; fileRef = F109E8C624E4290A00BF2391 /* CircleView.swift */; };
		F109E8C924E4292000BF2391 /* RoundedView.swift in Sources */ = {isa = PBXBuildFile; fileRef = F109E8C824E4292000BF2391 /* RoundedView.swift */; };
		F109E8CB24E4294300BF2391 /* RoundedButton.swift in Sources */ = {isa = PBXBuildFile; fileRef = F109E8CA24E4294300BF2391 /* RoundedButton.swift */; };
		F109E8CD24E4296F00BF2391 /* BaseNavigationController.swift in Sources */ = {isa = PBXBuildFile; fileRef = F109E8CC24E4296F00BF2391 /* BaseNavigationController.swift */; };
		F109E8CF24E4298600BF2391 /* RootViewController.swift in Sources */ = {isa = PBXBuildFile; fileRef = F109E8CE24E4298600BF2391 /* RootViewController.swift */; };
		F109E8D124E429AC00BF2391 /* BaseViewController.swift in Sources */ = {isa = PBXBuildFile; fileRef = F109E8D024E429AC00BF2391 /* BaseViewController.swift */; };
		F109E8D324E42A2A00BF2391 /* MainNavigationController.swift in Sources */ = {isa = PBXBuildFile; fileRef = F109E8D224E42A2A00BF2391 /* MainNavigationController.swift */; };
		F155CF8224E2D0D60005C933 /* AppDelegate.swift in Sources */ = {isa = PBXBuildFile; fileRef = F155CF8124E2D0D60005C933 /* AppDelegate.swift */; };
		F155CF8424E2D0D60005C933 /* SceneDelegate.swift in Sources */ = {isa = PBXBuildFile; fileRef = F155CF8324E2D0D60005C933 /* SceneDelegate.swift */; };
		F155CF8624E2D0D60005C933 /* ViewController.swift in Sources */ = {isa = PBXBuildFile; fileRef = F155CF8524E2D0D60005C933 /* ViewController.swift */; };
		F155CF8924E2D0D60005C933 /* Main.storyboard in Resources */ = {isa = PBXBuildFile; fileRef = F155CF8724E2D0D60005C933 /* Main.storyboard */; };
		F155CF8C24E2D0D60005C933 /* Timer.xcdatamodeld in Sources */ = {isa = PBXBuildFile; fileRef = F155CF8A24E2D0D60005C933 /* Timer.xcdatamodeld */; };
		F155CF8E24E2D0D70005C933 /* Assets.xcassets in Resources */ = {isa = PBXBuildFile; fileRef = F155CF8D24E2D0D70005C933 /* Assets.xcassets */; };
		F155CF9124E2D0D70005C933 /* LaunchScreen.storyboard in Resources */ = {isa = PBXBuildFile; fileRef = F155CF8F24E2D0D70005C933 /* LaunchScreen.storyboard */; };
		F155CFA624E2D1550005C933 /* Main.storyboard in Resources */ = {isa = PBXBuildFile; fileRef = F155CFA524E2D1550005C933 /* Main.storyboard */; };
		F155CFA824E2D1620005C933 /* Splash.storyboard in Resources */ = {isa = PBXBuildFile; fileRef = F155CFA724E2D1620005C933 /* Splash.storyboard */; };
		F155CFAA24E2D16C0005C933 /* Timer.storyboard in Resources */ = {isa = PBXBuildFile; fileRef = F155CFA924E2D16C0005C933 /* Timer.storyboard */; };
		F1E7444E24E5B6090012BE48 /* SplashViewController.swift in Sources */ = {isa = PBXBuildFile; fileRef = F1E7444D24E5B6090012BE48 /* SplashViewController.swift */; };
		F1E7445124E5B6BC0012BE48 /* Splash+Scene.swift in Sources */ = {isa = PBXBuildFile; fileRef = F1E7445024E5B6BC0012BE48 /* Splash+Scene.swift */; };
		F1E7445324E5B6E00012BE48 /* TimerViewController.swift in Sources */ = {isa = PBXBuildFile; fileRef = F1E7445224E5B6E00012BE48 /* TimerViewController.swift */; };
		F1E7445524E5B8420012BE48 /* CircleButton.swift in Sources */ = {isa = PBXBuildFile; fileRef = F1E7445424E5B8420012BE48 /* CircleButton.swift */; };
		F1E7445824E5BB0D0012BE48 /* TimerViewController+UITableView.swift in Sources */ = {isa = PBXBuildFile; fileRef = F1E7445724E5BB0D0012BE48 /* TimerViewController+UITableView.swift */; };
		F1E7445D24E5BB850012BE48 /* TimerTableViewCell.swift in Sources */ = {isa = PBXBuildFile; fileRef = F1E7445C24E5BB850012BE48 /* TimerTableViewCell.swift */; };
		F1E7445F24E5BB8E0012BE48 /* TimerTableViewCell.xib in Resources */ = {isa = PBXBuildFile; fileRef = F1E7445E24E5BB8E0012BE48 /* TimerTableViewCell.xib */; };
		F1E7446224E5BE290012BE48 /* TimerPickerView.swift in Sources */ = {isa = PBXBuildFile; fileRef = F1E7446124E5BE290012BE48 /* TimerPickerView.swift */; };
		F1E7446424E5BE300012BE48 /* TimerPickerView.xib in Resources */ = {isa = PBXBuildFile; fileRef = F1E7446324E5BE300012BE48 /* TimerPickerView.xib */; };
		F1E7446624E5C1C20012BE48 /* Int+Array.swift in Sources */ = {isa = PBXBuildFile; fileRef = F1E7446524E5C1C20012BE48 /* Int+Array.swift */; };
		F1E7446824E5C8F30012BE48 /* TimerViewModel.swift in Sources */ = {isa = PBXBuildFile; fileRef = F1E7446724E5C8F30012BE48 /* TimerViewModel.swift */; };
		F1E7446A24E5D1310012BE48 /* TimerHelper.swift in Sources */ = {isa = PBXBuildFile; fileRef = F1E7446924E5D1310012BE48 /* TimerHelper.swift */; };
		F1E7446C24E5E1750012BE48 /* Int+Time.swift in Sources */ = {isa = PBXBuildFile; fileRef = F1E7446B24E5E1750012BE48 /* Int+Time.swift */; };
		F1E7446F24E5E3A00012BE48 /* String+Digits.swift in Sources */ = {isa = PBXBuildFile; fileRef = F1E7446E24E5E3A00012BE48 /* String+Digits.swift */; };
		F1E7447124E5E5680012BE48 /* TimerViewController+ TimerPickerViewDelegate.swift in Sources */ = {isa = PBXBuildFile; fileRef = F1E7447024E5E5680012BE48 /* TimerViewController+ TimerPickerViewDelegate.swift */; };
		F1E7447324E5E6240012BE48 /* TimerViewController+TimerViewModelDelegate.swift in Sources */ = {isa = PBXBuildFile; fileRef = F1E7447224E5E6240012BE48 /* TimerViewController+TimerViewModelDelegate.swift */; };
/* End PBXBuildFile section */

/* Begin PBXFileReference section */
		5BD89B538D7137346572928F /* Pods-Timer.release.xcconfig */ = {isa = PBXFileReference; includeInIndex = 1; lastKnownFileType = text.xcconfig; name = "Pods-Timer.release.xcconfig"; path = "Target Support Files/Pods-Timer/Pods-Timer.release.xcconfig"; sourceTree = "<group>"; };
		75052A8ECA0646AD5F5E430D /* Pods-Timer.debug.xcconfig */ = {isa = PBXFileReference; includeInIndex = 1; lastKnownFileType = text.xcconfig; name = "Pods-Timer.debug.xcconfig"; path = "Target Support Files/Pods-Timer/Pods-Timer.debug.xcconfig"; sourceTree = "<group>"; };
		F109E89A24E4198100BF2391 /* UINavigationController+RootViewController.swift */ = {isa = PBXFileReference; lastKnownFileType = sourcecode.swift; path = "UINavigationController+RootViewController.swift"; sourceTree = "<group>"; };
		F109E89C24E4199600BF2391 /* UINavigationController+SwapTransition.swift */ = {isa = PBXFileReference; lastKnownFileType = sourcecode.swift; path = "UINavigationController+SwapTransition.swift"; sourceTree = "<group>"; };
		F109E89E24E419AA00BF2391 /* UINavigationController+NavigationBarStyle.swift */ = {isa = PBXFileReference; lastKnownFileType = sourcecode.swift; path = "UINavigationController+NavigationBarStyle.swift"; sourceTree = "<group>"; };
		F109E8A024E419B800BF2391 /* UINavigationController+PopAnimation.swift */ = {isa = PBXFileReference; lastKnownFileType = sourcecode.swift; path = "UINavigationController+PopAnimation.swift"; sourceTree = "<group>"; };
		F109E8A324E41AB900BF2391 /* CGFloat+RGB.swift */ = {isa = PBXFileReference; lastKnownFileType = sourcecode.swift; path = "CGFloat+RGB.swift"; sourceTree = "<group>"; };
		F109E8A524E41AE700BF2391 /* Int+RGB.swift */ = {isa = PBXFileReference; lastKnownFileType = sourcecode.swift; path = "Int+RGB.swift"; sourceTree = "<group>"; };
		F109E8A724E41B0D00BF2391 /* UIColor+AppColors.swift */ = {isa = PBXFileReference; lastKnownFileType = sourcecode.swift; path = "UIColor+AppColors.swift"; sourceTree = "<group>"; };
		F109E8AA24E41D6F00BF2391 /* UIView+Nib.swift */ = {isa = PBXFileReference; lastKnownFileType = sourcecode.swift; path = "UIView+Nib.swift"; sourceTree = "<group>"; };
		F109E8AF24E41DD100BF2391 /* NSObject+ClassName.swift */ = {isa = PBXFileReference; lastKnownFileType = sourcecode.swift; path = "NSObject+ClassName.swift"; sourceTree = "<group>"; };
		F109E8B224E41E1100BF2391 /* UIViewController+NavigationBar.swift */ = {isa = PBXFileReference; lastKnownFileType = sourcecode.swift; path = "UIViewController+NavigationBar.swift"; sourceTree = "<group>"; };
		F109E8B524E4267600BF2391 /* Constants+UI.swift */ = {isa = PBXFileReference; lastKnownFileType = sourcecode.swift; path = "Constants+UI.swift"; sourceTree = "<group>"; };
		F109E8B724E4268000BF2391 /* Constants.swift */ = {isa = PBXFileReference; lastKnownFileType = sourcecode.swift; path = Constants.swift; sourceTree = "<group>"; };
		F109E8BA24E426D200BF2391 /* AppDelegateShareable.swift */ = {isa = PBXFileReference; lastKnownFileType = sourcecode.swift; path = AppDelegateShareable.swift; sourceTree = "<group>"; };
		F109E8BC24E426EE00BF2391 /* AutoIdentifierCell.swift */ = {isa = PBXFileReference; lastKnownFileType = sourcecode.swift; path = AutoIdentifierCell.swift; sourceTree = "<group>"; };
		F109E8BE24E4272600BF2391 /* CommonInitable.swift */ = {isa = PBXFileReference; lastKnownFileType = sourcecode.swift; path = CommonInitable.swift; sourceTree = "<group>"; };
		F109E8C024E4273D00BF2391 /* SceneProtocol.swift */ = {isa = PBXFileReference; lastKnownFileType = sourcecode.swift; path = SceneProtocol.swift; sourceTree = "<group>"; };
		F109E8C224E428A100BF2391 /* StoryboardInstantiable.swift */ = {isa = PBXFileReference; lastKnownFileType = sourcecode.swift; path = StoryboardInstantiable.swift; sourceTree = "<group>"; };
		F109E8C424E428F600BF2391 /* BaseView.swift */ = {isa = PBXFileReference; lastKnownFileType = sourcecode.swift; path = BaseView.swift; sourceTree = "<group>"; };
		F109E8C624E4290A00BF2391 /* CircleView.swift */ = {isa = PBXFileReference; lastKnownFileType = sourcecode.swift; path = CircleView.swift; sourceTree = "<group>"; };
		F109E8C824E4292000BF2391 /* RoundedView.swift */ = {isa = PBXFileReference; lastKnownFileType = sourcecode.swift; path = RoundedView.swift; sourceTree = "<group>"; };
		F109E8CA24E4294300BF2391 /* RoundedButton.swift */ = {isa = PBXFileReference; lastKnownFileType = sourcecode.swift; path = RoundedButton.swift; sourceTree = "<group>"; };
		F109E8CC24E4296F00BF2391 /* BaseNavigationController.swift */ = {isa = PBXFileReference; lastKnownFileType = sourcecode.swift; path = BaseNavigationController.swift; sourceTree = "<group>"; };
		F109E8CE24E4298600BF2391 /* RootViewController.swift */ = {isa = PBXFileReference; lastKnownFileType = sourcecode.swift; path = RootViewController.swift; sourceTree = "<group>"; };
		F109E8D024E429AC00BF2391 /* BaseViewController.swift */ = {isa = PBXFileReference; lastKnownFileType = sourcecode.swift; path = BaseViewController.swift; sourceTree = "<group>"; };
		F109E8D224E42A2A00BF2391 /* MainNavigationController.swift */ = {isa = PBXFileReference; lastKnownFileType = sourcecode.swift; path = MainNavigationController.swift; sourceTree = "<group>"; };
		F155CF7E24E2D0D60005C933 /* Timer.app */ = {isa = PBXFileReference; explicitFileType = wrapper.application; includeInIndex = 0; path = Timer.app; sourceTree = BUILT_PRODUCTS_DIR; };
		F155CF8124E2D0D60005C933 /* AppDelegate.swift */ = {isa = PBXFileReference; lastKnownFileType = sourcecode.swift; path = AppDelegate.swift; sourceTree = "<group>"; };
		F155CF8324E2D0D60005C933 /* SceneDelegate.swift */ = {isa = PBXFileReference; lastKnownFileType = sourcecode.swift; path = SceneDelegate.swift; sourceTree = "<group>"; };
		F155CF8524E2D0D60005C933 /* ViewController.swift */ = {isa = PBXFileReference; lastKnownFileType = sourcecode.swift; path = ViewController.swift; sourceTree = "<group>"; };
		F155CF8824E2D0D60005C933 /* Base */ = {isa = PBXFileReference; lastKnownFileType = file.storyboard; name = Base; path = Base.lproj/Main.storyboard; sourceTree = "<group>"; };
		F155CF8B24E2D0D60005C933 /* Timer.xcdatamodel */ = {isa = PBXFileReference; lastKnownFileType = wrapper.xcdatamodel; path = Timer.xcdatamodel; sourceTree = "<group>"; };
		F155CF8D24E2D0D70005C933 /* Assets.xcassets */ = {isa = PBXFileReference; lastKnownFileType = folder.assetcatalog; path = Assets.xcassets; sourceTree = "<group>"; };
		F155CF9024E2D0D70005C933 /* Base */ = {isa = PBXFileReference; lastKnownFileType = file.storyboard; name = Base; path = Base.lproj/LaunchScreen.storyboard; sourceTree = "<group>"; };
		F155CF9224E2D0D70005C933 /* Info.plist */ = {isa = PBXFileReference; lastKnownFileType = text.plist.xml; path = Info.plist; sourceTree = "<group>"; };
		F155CFA524E2D1550005C933 /* Main.storyboard */ = {isa = PBXFileReference; lastKnownFileType = file.storyboard; path = Main.storyboard; sourceTree = "<group>"; };
		F155CFA724E2D1620005C933 /* Splash.storyboard */ = {isa = PBXFileReference; lastKnownFileType = file.storyboard; path = Splash.storyboard; sourceTree = "<group>"; };
		F155CFA924E2D16C0005C933 /* Timer.storyboard */ = {isa = PBXFileReference; lastKnownFileType = file.storyboard; path = Timer.storyboard; sourceTree = "<group>"; };
		F1E7444D24E5B6090012BE48 /* SplashViewController.swift */ = {isa = PBXFileReference; lastKnownFileType = sourcecode.swift; path = SplashViewController.swift; sourceTree = "<group>"; };
		F1E7445024E5B6BC0012BE48 /* Splash+Scene.swift */ = {isa = PBXFileReference; lastKnownFileType = sourcecode.swift; path = "Splash+Scene.swift"; sourceTree = "<group>"; };
		F1E7445224E5B6E00012BE48 /* TimerViewController.swift */ = {isa = PBXFileReference; lastKnownFileType = sourcecode.swift; path = TimerViewController.swift; sourceTree = "<group>"; };
		F1E7445424E5B8420012BE48 /* CircleButton.swift */ = {isa = PBXFileReference; lastKnownFileType = sourcecode.swift; path = CircleButton.swift; sourceTree = "<group>"; };
		F1E7445724E5BB0D0012BE48 /* TimerViewController+UITableView.swift */ = {isa = PBXFileReference; lastKnownFileType = sourcecode.swift; path = "TimerViewController+UITableView.swift"; sourceTree = "<group>"; };
		F1E7445C24E5BB850012BE48 /* TimerTableViewCell.swift */ = {isa = PBXFileReference; lastKnownFileType = sourcecode.swift; path = TimerTableViewCell.swift; sourceTree = "<group>"; };
		F1E7445E24E5BB8E0012BE48 /* TimerTableViewCell.xib */ = {isa = PBXFileReference; lastKnownFileType = file.xib; path = TimerTableViewCell.xib; sourceTree = "<group>"; };
		F1E7446124E5BE290012BE48 /* TimerPickerView.swift */ = {isa = PBXFileReference; lastKnownFileType = sourcecode.swift; path = TimerPickerView.swift; sourceTree = "<group>"; };
		F1E7446324E5BE300012BE48 /* TimerPickerView.xib */ = {isa = PBXFileReference; lastKnownFileType = file.xib; path = TimerPickerView.xib; sourceTree = "<group>"; };
		F1E7446524E5C1C20012BE48 /* Int+Array.swift */ = {isa = PBXFileReference; lastKnownFileType = sourcecode.swift; path = "Int+Array.swift"; sourceTree = "<group>"; };
		F1E7446724E5C8F30012BE48 /* TimerViewModel.swift */ = {isa = PBXFileReference; lastKnownFileType = sourcecode.swift; path = TimerViewModel.swift; sourceTree = "<group>"; };
		F1E7446924E5D1310012BE48 /* TimerHelper.swift */ = {isa = PBXFileReference; lastKnownFileType = sourcecode.swift; path = TimerHelper.swift; sourceTree = "<group>"; };
		F1E7446B24E5E1750012BE48 /* Int+Time.swift */ = {isa = PBXFileReference; lastKnownFileType = sourcecode.swift; path = "Int+Time.swift"; sourceTree = "<group>"; };
		F1E7446E24E5E3A00012BE48 /* String+Digits.swift */ = {isa = PBXFileReference; lastKnownFileType = sourcecode.swift; path = "String+Digits.swift"; sourceTree = "<group>"; };
		F1E7447024E5E5680012BE48 /* TimerViewController+ TimerPickerViewDelegate.swift */ = {isa = PBXFileReference; lastKnownFileType = sourcecode.swift; path = "TimerViewController+ TimerPickerViewDelegate.swift"; sourceTree = "<group>"; };
		F1E7447224E5E6240012BE48 /* TimerViewController+TimerViewModelDelegate.swift */ = {isa = PBXFileReference; lastKnownFileType = sourcecode.swift; path = "TimerViewController+TimerViewModelDelegate.swift"; sourceTree = "<group>"; };
		F26912F59567F676BA793825 /* libPods-Timer.a */ = {isa = PBXFileReference; explicitFileType = archive.ar; includeInIndex = 0; path = "libPods-Timer.a"; sourceTree = BUILT_PRODUCTS_DIR; };
/* End PBXFileReference section */

/* Begin PBXFrameworksBuildPhase section */
		F155CF7B24E2D0D60005C933 /* Frameworks */ = {
			isa = PBXFrameworksBuildPhase;
			buildActionMask = 2147483647;
			files = (
				D9517DC68D2FF02E0886D30B /* libPods-Timer.a in Frameworks */,
			);
			runOnlyForDeploymentPostprocessing = 0;
		};
/* End PBXFrameworksBuildPhase section */

/* Begin PBXGroup section */
		B14F59D8D379154D741DBF84 /* Frameworks */ = {
			isa = PBXGroup;
			children = (
				F26912F59567F676BA793825 /* libPods-Timer.a */,
			);
			name = Frameworks;
			sourceTree = "<group>";
		};
		B97A1686BB3E3041A1E3298C /* Pods */ = {
			isa = PBXGroup;
			children = (
				75052A8ECA0646AD5F5E430D /* Pods-Timer.debug.xcconfig */,
				5BD89B538D7137346572928F /* Pods-Timer.release.xcconfig */,
			);
			path = Pods;
			sourceTree = "<group>";
		};
		F109E89724E4181400BF2391 /* Extensions */ = {
			isa = PBXGroup;
			children = (
				F1E7446D24E5E3900012BE48 /* String */,
				F109E8B124E41DEF00BF2391 /* UIViewController */,
				F109E8AE24E41DC800BF2391 /* NSObject */,
				F109E8A924E41D5400BF2391 /* UIView */,
				F109E8A224E41A9D00BF2391 /* Numerics */,
				F109E89924E4195D00BF2391 /* UINavigationController */,
				F109E89824E4181C00BF2391 /* UIColor */,
			);
			path = Extensions;
			sourceTree = "<group>";
		};
		F109E89824E4181C00BF2391 /* UIColor */ = {
			isa = PBXGroup;
			children = (
				F109E8A724E41B0D00BF2391 /* UIColor+AppColors.swift */,
			);
			path = UIColor;
			sourceTree = "<group>";
		};
		F109E89924E4195D00BF2391 /* UINavigationController */ = {
			isa = PBXGroup;
			children = (
				F109E89A24E4198100BF2391 /* UINavigationController+RootViewController.swift */,
				F109E89C24E4199600BF2391 /* UINavigationController+SwapTransition.swift */,
				F109E89E24E419AA00BF2391 /* UINavigationController+NavigationBarStyle.swift */,
				F109E8A024E419B800BF2391 /* UINavigationController+PopAnimation.swift */,
			);
			path = UINavigationController;
			sourceTree = "<group>";
		};
		F109E8A224E41A9D00BF2391 /* Numerics */ = {
			isa = PBXGroup;
			children = (
				F109E8A324E41AB900BF2391 /* CGFloat+RGB.swift */,
				F109E8A524E41AE700BF2391 /* Int+RGB.swift */,
				F1E7446524E5C1C20012BE48 /* Int+Array.swift */,
				F1E7446B24E5E1750012BE48 /* Int+Time.swift */,
			);
			path = Numerics;
			sourceTree = "<group>";
		};
		F109E8A924E41D5400BF2391 /* UIView */ = {
			isa = PBXGroup;
			children = (
				F109E8AA24E41D6F00BF2391 /* UIView+Nib.swift */,
			);
			path = UIView;
			sourceTree = "<group>";
		};
		F109E8AE24E41DC800BF2391 /* NSObject */ = {
			isa = PBXGroup;
			children = (
				F109E8AF24E41DD100BF2391 /* NSObject+ClassName.swift */,
			);
			path = NSObject;
			sourceTree = "<group>";
		};
		F109E8B124E41DEF00BF2391 /* UIViewController */ = {
			isa = PBXGroup;
			children = (
				F109E8B224E41E1100BF2391 /* UIViewController+NavigationBar.swift */,
			);
			path = UIViewController;
			sourceTree = "<group>";
		};
		F109E8B424E4265B00BF2391 /* Constants */ = {
			isa = PBXGroup;
			children = (
				F109E8B524E4267600BF2391 /* Constants+UI.swift */,
				F109E8B724E4268000BF2391 /* Constants.swift */,
			);
			path = Constants;
			sourceTree = "<group>";
		};
		F109E8B924E426B300BF2391 /* Protocols */ = {
			isa = PBXGroup;
			children = (
				F109E8BA24E426D200BF2391 /* AppDelegateShareable.swift */,
				F109E8BC24E426EE00BF2391 /* AutoIdentifierCell.swift */,
				F109E8BE24E4272600BF2391 /* CommonInitable.swift */,
				F109E8C024E4273D00BF2391 /* SceneProtocol.swift */,
				F109E8C224E428A100BF2391 /* StoryboardInstantiable.swift */,
			);
			path = Protocols;
			sourceTree = "<group>";
		};
		F155CF7524E2D0D60005C933 = {
			isa = PBXGroup;
			children = (
				F155CF8024E2D0D60005C933 /* Timer */,
				F155CF7F24E2D0D60005C933 /* Products */,
				B97A1686BB3E3041A1E3298C /* Pods */,
				B14F59D8D379154D741DBF84 /* Frameworks */,
			);
			sourceTree = "<group>";
		};
		F155CF7F24E2D0D60005C933 /* Products */ = {
			isa = PBXGroup;
			children = (
				F155CF7E24E2D0D60005C933 /* Timer.app */,
			);
			name = Products;
			sourceTree = "<group>";
		};
		F155CF8024E2D0D60005C933 /* Timer */ = {
			isa = PBXGroup;
			children = (
				F168EB6024E6A849001F1F8D /* Core */,
				F109E8B924E426B300BF2391 /* Protocols */,
				F109E8B424E4265B00BF2391 /* Constants */,
				F109E89724E4181400BF2391 /* Extensions */,
				F155CF9924E2D0EB0005C933 /* Libraries */,
				F155CF9824E2D0E50005C933 /* UI */,
				F155CF8124E2D0D60005C933 /* AppDelegate.swift */,
				F155CF8324E2D0D60005C933 /* SceneDelegate.swift */,
				F155CF8524E2D0D60005C933 /* ViewController.swift */,
				F155CF8724E2D0D60005C933 /* Main.storyboard */,
				F155CF8D24E2D0D70005C933 /* Assets.xcassets */,
				F155CF8F24E2D0D70005C933 /* LaunchScreen.storyboard */,
				F155CF9224E2D0D70005C933 /* Info.plist */,
				F155CF8A24E2D0D60005C933 /* Timer.xcdatamodeld */,
			);
			path = Timer;
			sourceTree = "<group>";
		};
		F155CF9824E2D0E50005C933 /* UI */ = {
			isa = PBXGroup;
			children = (
				F155CF9E24E2D1120005C933 /* Screens */,
				F155CF9D24E2D1090005C933 /* Views */,
				F155CF9C24E2D1050005C933 /* Base */,
			);
			path = UI;
			sourceTree = "<group>";
		};
		F155CF9924E2D0EB0005C933 /* Libraries */ = {
			isa = PBXGroup;
			children = (
				F155CF9B24E2D0F90005C933 /* Utilities */,
				F155CF9A24E2D0F40005C933 /* Helpers */,
			);
			path = Libraries;
			sourceTree = "<group>";
		};
		F155CF9A24E2D0F40005C933 /* Helpers */ = {
			isa = PBXGroup;
			children = (
				F1E7446924E5D1310012BE48 /* TimerHelper.swift */,
			);
			path = Helpers;
			sourceTree = "<group>";
		};
		F155CF9B24E2D0F90005C933 /* Utilities */ = {
			isa = PBXGroup;
			children = (
			);
			path = Utilities;
			sourceTree = "<group>";
		};
		F155CF9C24E2D1050005C933 /* Base */ = {
			isa = PBXGroup;
			children = (
				F155CFA124E2D12F0005C933 /* Controllers */,
				F155CFA024E2D1210005C933 /* Controls */,
				F155CF9F24E2D11C0005C933 /* Views */,
			);
			path = Base;
			sourceTree = "<group>";
		};
		F155CF9D24E2D1090005C933 /* Views */ = {
			isa = PBXGroup;
			children = (
				F1E7446024E5BE170012BE48 /* TimerPickerView */,
			);
			path = Views;
			sourceTree = "<group>";
		};
		F155CF9E24E2D1120005C933 /* Screens */ = {
			isa = PBXGroup;
			children = (
				F155CFA424E2D1440005C933 /* Timer */,
				F155CFA324E2D13D0005C933 /* Splash */,
				F155CFA224E2D1390005C933 /* Main */,
			);
			path = Screens;
			sourceTree = "<group>";
		};
		F155CF9F24E2D11C0005C933 /* Views */ = {
			isa = PBXGroup;
			children = (
				F109E8C424E428F600BF2391 /* BaseView.swift */,
				F109E8C624E4290A00BF2391 /* CircleView.swift */,
				F109E8C824E4292000BF2391 /* RoundedView.swift */,
			);
			path = Views;
			sourceTree = "<group>";
		};
		F155CFA024E2D1210005C933 /* Controls */ = {
			isa = PBXGroup;
			children = (
				F109E8CA24E4294300BF2391 /* RoundedButton.swift */,
				F1E7445424E5B8420012BE48 /* CircleButton.swift */,
			);
			path = Controls;
			sourceTree = "<group>";
		};
		F155CFA124E2D12F0005C933 /* Controllers */ = {
			isa = PBXGroup;
			children = (
				F109E8CC24E4296F00BF2391 /* BaseNavigationController.swift */,
				F109E8CE24E4298600BF2391 /* RootViewController.swift */,
				F109E8D024E429AC00BF2391 /* BaseViewController.swift */,
			);
			path = Controllers;
			sourceTree = "<group>";
		};
		F155CFA224E2D1390005C933 /* Main */ = {
			isa = PBXGroup;
			children = (
				F155CFA524E2D1550005C933 /* Main.storyboard */,
				F109E8D224E42A2A00BF2391 /* MainNavigationController.swift */,
			);
			path = Main;
			sourceTree = "<group>";
		};
		F155CFA324E2D13D0005C933 /* Splash */ = {
			isa = PBXGroup;
			children = (
				F1E7444F24E5B6AB0012BE48 /* Extensions */,
				F155CFA724E2D1620005C933 /* Splash.storyboard */,
				F1E7444D24E5B6090012BE48 /* SplashViewController.swift */,
			);
			path = Splash;
			sourceTree = "<group>";
		};
		F155CFA424E2D1440005C933 /* Timer */ = {
			isa = PBXGroup;
			children = (
				F1E7445A24E5BB6E0012BE48 /* Views */,
				F1E7445924E5BB680012BE48 /* ViewModel */,
				F1E7445624E5BAFA0012BE48 /* Extension */,
				F155CFA924E2D16C0005C933 /* Timer.storyboard */,
				F1E7445224E5B6E00012BE48 /* TimerViewController.swift */,
			);
			path = Timer;
			sourceTree = "<group>";
		};
		F168EB6024E6A849001F1F8D /* Core */ = {
			isa = PBXGroup;
			children = (
				F168EB6124E6A850001F1F8D /* Managers */,
			);
			path = Core;
			sourceTree = "<group>";
		};
		F168EB6124E6A850001F1F8D /* Managers */ = {
			isa = PBXGroup;
			children = (
			);
			path = Managers;
			sourceTree = "<group>";
		};
		F1E7444F24E5B6AB0012BE48 /* Extensions */ = {
			isa = PBXGroup;
			children = (
				F1E7445024E5B6BC0012BE48 /* Splash+Scene.swift */,
			);
			path = Extensions;
			sourceTree = "<group>";
		};
		F1E7445624E5BAFA0012BE48 /* Extension */ = {
			isa = PBXGroup;
			children = (
				F1E7445724E5BB0D0012BE48 /* TimerViewController+UITableView.swift */,
				F1E7447024E5E5680012BE48 /* TimerViewController+ TimerPickerViewDelegate.swift */,
				F1E7447224E5E6240012BE48 /* TimerViewController+TimerViewModelDelegate.swift */,
			);
			path = Extension;
			sourceTree = "<group>";
		};
		F1E7445924E5BB680012BE48 /* ViewModel */ = {
			isa = PBXGroup;
			children = (
				F1E7446724E5C8F30012BE48 /* TimerViewModel.swift */,
			);
			path = ViewModel;
			sourceTree = "<group>";
		};
		F1E7445A24E5BB6E0012BE48 /* Views */ = {
			isa = PBXGroup;
			children = (
				F1E7445B24E5BB760012BE48 /* TimerTableViewCell */,
			);
			path = Views;
			sourceTree = "<group>";
		};
		F1E7445B24E5BB760012BE48 /* TimerTableViewCell */ = {
			isa = PBXGroup;
			children = (
				F1E7445C24E5BB850012BE48 /* TimerTableViewCell.swift */,
				F1E7445E24E5BB8E0012BE48 /* TimerTableViewCell.xib */,
			);
			path = TimerTableViewCell;
			sourceTree = "<group>";
		};
		F1E7446024E5BE170012BE48 /* TimerPickerView */ = {
			isa = PBXGroup;
			children = (
				F1E7446124E5BE290012BE48 /* TimerPickerView.swift */,
				F1E7446324E5BE300012BE48 /* TimerPickerView.xib */,
			);
			path = TimerPickerView;
			sourceTree = "<group>";
		};
		F1E7446D24E5E3900012BE48 /* String */ = {
			isa = PBXGroup;
			children = (
				F1E7446E24E5E3A00012BE48 /* String+Digits.swift */,
			);
			path = String;
			sourceTree = "<group>";
		};
/* End PBXGroup section */

/* Begin PBXNativeTarget section */
		F155CF7D24E2D0D60005C933 /* Timer */ = {
			isa = PBXNativeTarget;
			buildConfigurationList = F155CF9524E2D0D70005C933 /* Build configuration list for PBXNativeTarget "Timer" */;
			buildPhases = (
				1C4700B87927573C8DC95C6B /* [CP] Check Pods Manifest.lock */,
				F155CF7A24E2D0D60005C933 /* Sources */,
				F155CF7B24E2D0D60005C933 /* Frameworks */,
				F155CF7C24E2D0D60005C933 /* Resources */,
			);
			buildRules = (
			);
			dependencies = (
			);
			name = Timer;
			productName = Timer;
			productReference = F155CF7E24E2D0D60005C933 /* Timer.app */;
			productType = "com.apple.product-type.application";
		};
/* End PBXNativeTarget section */

/* Begin PBXProject section */
		F155CF7624E2D0D60005C933 /* Project object */ = {
			isa = PBXProject;
			attributes = {
				LastSwiftUpdateCheck = 1160;
				LastUpgradeCheck = 1160;
				ORGANIZATIONNAME = "Yelyzaveta Kartseva";
				TargetAttributes = {
					F155CF7D24E2D0D60005C933 = {
						CreatedOnToolsVersion = 11.6;
					};
				};
			};
			buildConfigurationList = F155CF7924E2D0D60005C933 /* Build configuration list for PBXProject "Timer" */;
			compatibilityVersion = "Xcode 9.3";
			developmentRegion = en;
			hasScannedForEncodings = 0;
			knownRegions = (
				en,
				Base,
			);
			mainGroup = F155CF7524E2D0D60005C933;
			productRefGroup = F155CF7F24E2D0D60005C933 /* Products */;
			projectDirPath = "";
			projectRoot = "";
			targets = (
				F155CF7D24E2D0D60005C933 /* Timer */,
			);
		};
/* End PBXProject section */

/* Begin PBXResourcesBuildPhase section */
		F155CF7C24E2D0D60005C933 /* Resources */ = {
			isa = PBXResourcesBuildPhase;
			buildActionMask = 2147483647;
			files = (
				F1E7445F24E5BB8E0012BE48 /* TimerTableViewCell.xib in Resources */,
				F155CF9124E2D0D70005C933 /* LaunchScreen.storyboard in Resources */,
				F155CF8E24E2D0D70005C933 /* Assets.xcassets in Resources */,
				F155CF8924E2D0D60005C933 /* Main.storyboard in Resources */,
				F155CFA824E2D1620005C933 /* Splash.storyboard in Resources */,
				F155CFAA24E2D16C0005C933 /* Timer.storyboard in Resources */,
				F1E7446424E5BE300012BE48 /* TimerPickerView.xib in Resources */,
				F155CFA624E2D1550005C933 /* Main.storyboard in Resources */,
			);
			runOnlyForDeploymentPostprocessing = 0;
		};
/* End PBXResourcesBuildPhase section */

/* Begin PBXShellScriptBuildPhase section */
		1C4700B87927573C8DC95C6B /* [CP] Check Pods Manifest.lock */ = {
			isa = PBXShellScriptBuildPhase;
			buildActionMask = 2147483647;
			files = (
			);
			inputFileListPaths = (
			);
			inputPaths = (
				"${PODS_PODFILE_DIR_PATH}/Podfile.lock",
				"${PODS_ROOT}/Manifest.lock",
			);
			name = "[CP] Check Pods Manifest.lock";
			outputFileListPaths = (
			);
			outputPaths = (
				"$(DERIVED_FILE_DIR)/Pods-Timer-checkManifestLockResult.txt",
			);
			runOnlyForDeploymentPostprocessing = 0;
			shellPath = /bin/sh;
			shellScript = "diff \"${PODS_PODFILE_DIR_PATH}/Podfile.lock\" \"${PODS_ROOT}/Manifest.lock\" > /dev/null\nif [ $? != 0 ] ; then\n    # print error to STDERR\n    echo \"error: The sandbox is not in sync with the Podfile.lock. Run 'pod install' or update your CocoaPods installation.\" >&2\n    exit 1\nfi\n# This output is used by Xcode 'outputs' to avoid re-running this script phase.\necho \"SUCCESS\" > \"${SCRIPT_OUTPUT_FILE_0}\"\n";
			showEnvVarsInLog = 0;
		};
/* End PBXShellScriptBuildPhase section */

/* Begin PBXSourcesBuildPhase section */
		F155CF7A24E2D0D60005C933 /* Sources */ = {
			isa = PBXSourcesBuildPhase;
			buildActionMask = 2147483647;
			files = (
				F1E7445124E5B6BC0012BE48 /* Splash+Scene.swift in Sources */,
				F109E8CD24E4296F00BF2391 /* BaseNavigationController.swift in Sources */,
				F109E8A124E419B800BF2391 /* UINavigationController+PopAnimation.swift in Sources */,
				F155CF8624E2D0D60005C933 /* ViewController.swift in Sources */,
				F109E8C124E4273D00BF2391 /* SceneProtocol.swift in Sources */,
				F155CF8224E2D0D60005C933 /* AppDelegate.swift in Sources */,
				F1E7445524E5B8420012BE48 /* CircleButton.swift in Sources */,
				F109E8D124E429AC00BF2391 /* BaseViewController.swift in Sources */,
				F109E8C324E428A100BF2391 /* StoryboardInstantiable.swift in Sources */,
				F155CF8424E2D0D60005C933 /* SceneDelegate.swift in Sources */,
				F1E7447124E5E5680012BE48 /* TimerViewController+ TimerPickerViewDelegate.swift in Sources */,
				F109E8D324E42A2A00BF2391 /* MainNavigationController.swift in Sources */,
				F1E7444E24E5B6090012BE48 /* SplashViewController.swift in Sources */,
				F1E7446824E5C8F30012BE48 /* TimerViewModel.swift in Sources */,
				F109E8B024E41DD100BF2391 /* NSObject+ClassName.swift in Sources */,
				F109E8C724E4290A00BF2391 /* CircleView.swift in Sources */,
				F109E8C924E4292000BF2391 /* RoundedView.swift in Sources */,
				F109E8BD24E426EE00BF2391 /* AutoIdentifierCell.swift in Sources */,
				F109E8A824E41B0D00BF2391 /* UIColor+AppColors.swift in Sources */,
				F1E7446A24E5D1310012BE48 /* TimerHelper.swift in Sources */,
				F109E8C524E428F600BF2391 /* BaseView.swift in Sources */,
				F1E7445824E5BB0D0012BE48 /* TimerViewController+UITableView.swift in Sources */,
				F109E8B324E41E1100BF2391 /* UIViewController+NavigationBar.swift in Sources */,
				F1E7446C24E5E1750012BE48 /* Int+Time.swift in Sources */,
				F109E8BB24E426D200BF2391 /* AppDelegateShareable.swift in Sources */,
				F109E8B824E4268000BF2391 /* Constants.swift in Sources */,
				F1E7445324E5B6E00012BE48 /* TimerViewController.swift in Sources */,
				F109E8A424E41AB900BF2391 /* CGFloat+RGB.swift in Sources */,
				F1E7446F24E5E3A00012BE48 /* String+Digits.swift in Sources */,
				F109E8A624E41AE700BF2391 /* Int+RGB.swift in Sources */,
				F109E89F24E419AA00BF2391 /* UINavigationController+NavigationBarStyle.swift in Sources */,
				F109E8AB24E41D6F00BF2391 /* UIView+Nib.swift in Sources */,
				F109E8CF24E4298600BF2391 /* RootViewController.swift in Sources */,
				F155CF8C24E2D0D60005C933 /* Timer.xcdatamodeld in Sources */,
				F109E89B24E4198100BF2391 /* UINavigationController+RootViewController.swift in Sources */,
				F1E7446624E5C1C20012BE48 /* Int+Array.swift in Sources */,
				F1E7446224E5BE290012BE48 /* TimerPickerView.swift in Sources */,
				F109E8CB24E4294300BF2391 /* RoundedButton.swift in Sources */,
				F109E89D24E4199600BF2391 /* UINavigationController+SwapTransition.swift in Sources */,
				F1E7447324E5E6240012BE48 /* TimerViewController+TimerViewModelDelegate.swift in Sources */,
				F1E7445D24E5BB850012BE48 /* TimerTableViewCell.swift in Sources */,
				F109E8B624E4267600BF2391 /* Constants+UI.swift in Sources */,
				F109E8BF24E4272600BF2391 /* CommonInitable.swift in Sources */,
			);
			runOnlyForDeploymentPostprocessing = 0;
		};
/* End PBXSourcesBuildPhase section */

/* Begin PBXVariantGroup section */
		F155CF8724E2D0D60005C933 /* Main.storyboard */ = {
			isa = PBXVariantGroup;
			children = (
				F155CF8824E2D0D60005C933 /* Base */,
			);
			name = Main.storyboard;
			sourceTree = "<group>";
		};
		F155CF8F24E2D0D70005C933 /* LaunchScreen.storyboard */ = {
			isa = PBXVariantGroup;
			children = (
				F155CF9024E2D0D70005C933 /* Base */,
			);
			name = LaunchScreen.storyboard;
			sourceTree = "<group>";
		};
/* End PBXVariantGroup section */

/* Begin XCBuildConfiguration section */
		F155CF9324E2D0D70005C933 /* Debug */ = {
			isa = XCBuildConfiguration;
			buildSettings = {
				ALWAYS_SEARCH_USER_PATHS = NO;
				CLANG_ANALYZER_NONNULL = YES;
				CLANG_ANALYZER_NUMBER_OBJECT_CONVERSION = YES_AGGRESSIVE;
				CLANG_CXX_LANGUAGE_STANDARD = "gnu++14";
				CLANG_CXX_LIBRARY = "libc++";
				CLANG_ENABLE_MODULES = YES;
				CLANG_ENABLE_OBJC_ARC = YES;
				CLANG_ENABLE_OBJC_WEAK = YES;
				CLANG_WARN_BLOCK_CAPTURE_AUTORELEASING = YES;
				CLANG_WARN_BOOL_CONVERSION = YES;
				CLANG_WARN_COMMA = YES;
				CLANG_WARN_CONSTANT_CONVERSION = YES;
				CLANG_WARN_DEPRECATED_OBJC_IMPLEMENTATIONS = YES;
				CLANG_WARN_DIRECT_OBJC_ISA_USAGE = YES_ERROR;
				CLANG_WARN_DOCUMENTATION_COMMENTS = YES;
				CLANG_WARN_EMPTY_BODY = YES;
				CLANG_WARN_ENUM_CONVERSION = YES;
				CLANG_WARN_INFINITE_RECURSION = YES;
				CLANG_WARN_INT_CONVERSION = YES;
				CLANG_WARN_NON_LITERAL_NULL_CONVERSION = YES;
				CLANG_WARN_OBJC_IMPLICIT_RETAIN_SELF = YES;
				CLANG_WARN_OBJC_LITERAL_CONVERSION = YES;
				CLANG_WARN_OBJC_ROOT_CLASS = YES_ERROR;
				CLANG_WARN_RANGE_LOOP_ANALYSIS = YES;
				CLANG_WARN_STRICT_PROTOTYPES = YES;
				CLANG_WARN_SUSPICIOUS_MOVE = YES;
				CLANG_WARN_UNGUARDED_AVAILABILITY = YES_AGGRESSIVE;
				CLANG_WARN_UNREACHABLE_CODE = YES;
				CLANG_WARN__DUPLICATE_METHOD_MATCH = YES;
				COPY_PHASE_STRIP = NO;
				DEBUG_INFORMATION_FORMAT = dwarf;
				ENABLE_STRICT_OBJC_MSGSEND = YES;
				ENABLE_TESTABILITY = YES;
				GCC_C_LANGUAGE_STANDARD = gnu11;
				GCC_DYNAMIC_NO_PIC = NO;
				GCC_NO_COMMON_BLOCKS = YES;
				GCC_OPTIMIZATION_LEVEL = 0;
				GCC_PREPROCESSOR_DEFINITIONS = (
					"DEBUG=1",
					"$(inherited)",
				);
				GCC_WARN_64_TO_32_BIT_CONVERSION = YES;
				GCC_WARN_ABOUT_RETURN_TYPE = YES_ERROR;
				GCC_WARN_UNDECLARED_SELECTOR = YES;
				GCC_WARN_UNINITIALIZED_AUTOS = YES_AGGRESSIVE;
				GCC_WARN_UNUSED_FUNCTION = YES;
				GCC_WARN_UNUSED_VARIABLE = YES;
				IPHONEOS_DEPLOYMENT_TARGET = 13.6;
				MTL_ENABLE_DEBUG_INFO = INCLUDE_SOURCE;
				MTL_FAST_MATH = YES;
				ONLY_ACTIVE_ARCH = YES;
				SDKROOT = iphoneos;
				SWIFT_ACTIVE_COMPILATION_CONDITIONS = DEBUG;
				SWIFT_OPTIMIZATION_LEVEL = "-Onone";
			};
			name = Debug;
		};
		F155CF9424E2D0D70005C933 /* Release */ = {
			isa = XCBuildConfiguration;
			buildSettings = {
				ALWAYS_SEARCH_USER_PATHS = NO;
				CLANG_ANALYZER_NONNULL = YES;
				CLANG_ANALYZER_NUMBER_OBJECT_CONVERSION = YES_AGGRESSIVE;
				CLANG_CXX_LANGUAGE_STANDARD = "gnu++14";
				CLANG_CXX_LIBRARY = "libc++";
				CLANG_ENABLE_MODULES = YES;
				CLANG_ENABLE_OBJC_ARC = YES;
				CLANG_ENABLE_OBJC_WEAK = YES;
				CLANG_WARN_BLOCK_CAPTURE_AUTORELEASING = YES;
				CLANG_WARN_BOOL_CONVERSION = YES;
				CLANG_WARN_COMMA = YES;
				CLANG_WARN_CONSTANT_CONVERSION = YES;
				CLANG_WARN_DEPRECATED_OBJC_IMPLEMENTATIONS = YES;
				CLANG_WARN_DIRECT_OBJC_ISA_USAGE = YES_ERROR;
				CLANG_WARN_DOCUMENTATION_COMMENTS = YES;
				CLANG_WARN_EMPTY_BODY = YES;
				CLANG_WARN_ENUM_CONVERSION = YES;
				CLANG_WARN_INFINITE_RECURSION = YES;
				CLANG_WARN_INT_CONVERSION = YES;
				CLANG_WARN_NON_LITERAL_NULL_CONVERSION = YES;
				CLANG_WARN_OBJC_IMPLICIT_RETAIN_SELF = YES;
				CLANG_WARN_OBJC_LITERAL_CONVERSION = YES;
				CLANG_WARN_OBJC_ROOT_CLASS = YES_ERROR;
				CLANG_WARN_RANGE_LOOP_ANALYSIS = YES;
				CLANG_WARN_STRICT_PROTOTYPES = YES;
				CLANG_WARN_SUSPICIOUS_MOVE = YES;
				CLANG_WARN_UNGUARDED_AVAILABILITY = YES_AGGRESSIVE;
				CLANG_WARN_UNREACHABLE_CODE = YES;
				CLANG_WARN__DUPLICATE_METHOD_MATCH = YES;
				COPY_PHASE_STRIP = NO;
				DEBUG_INFORMATION_FORMAT = "dwarf-with-dsym";
				ENABLE_NS_ASSERTIONS = NO;
				ENABLE_STRICT_OBJC_MSGSEND = YES;
				GCC_C_LANGUAGE_STANDARD = gnu11;
				GCC_NO_COMMON_BLOCKS = YES;
				GCC_WARN_64_TO_32_BIT_CONVERSION = YES;
				GCC_WARN_ABOUT_RETURN_TYPE = YES_ERROR;
				GCC_WARN_UNDECLARED_SELECTOR = YES;
				GCC_WARN_UNINITIALIZED_AUTOS = YES_AGGRESSIVE;
				GCC_WARN_UNUSED_FUNCTION = YES;
				GCC_WARN_UNUSED_VARIABLE = YES;
				IPHONEOS_DEPLOYMENT_TARGET = 13.6;
				MTL_ENABLE_DEBUG_INFO = NO;
				MTL_FAST_MATH = YES;
				SDKROOT = iphoneos;
				SWIFT_COMPILATION_MODE = wholemodule;
				SWIFT_OPTIMIZATION_LEVEL = "-O";
				VALIDATE_PRODUCT = YES;
			};
			name = Release;
		};
		F155CF9624E2D0D70005C933 /* Debug */ = {
			isa = XCBuildConfiguration;
			baseConfigurationReference = 75052A8ECA0646AD5F5E430D /* Pods-Timer.debug.xcconfig */;
			buildSettings = {
				ASSETCATALOG_COMPILER_APPICON_NAME = AppIcon;
				CODE_SIGN_STYLE = Automatic;
				DEVELOPMENT_TEAM = 27KQF25QA9;
				INFOPLIST_FILE = Timer/Info.plist;
				LD_RUNPATH_SEARCH_PATHS = (
					"$(inherited)",
					"@executable_path/Frameworks",
				);
				PRODUCT_BUNDLE_IDENTIFIER = yelyzavetaKartseva.Timer;
				PRODUCT_NAME = "$(TARGET_NAME)";
				SWIFT_VERSION = 5.0;
				TARGETED_DEVICE_FAMILY = "1,2";
			};
			name = Debug;
		};
		F155CF9724E2D0D70005C933 /* Release */ = {
			isa = XCBuildConfiguration;
			baseConfigurationReference = 5BD89B538D7137346572928F /* Pods-Timer.release.xcconfig */;
			buildSettings = {
				ASSETCATALOG_COMPILER_APPICON_NAME = AppIcon;
				CODE_SIGN_STYLE = Automatic;
				DEVELOPMENT_TEAM = 27KQF25QA9;
				INFOPLIST_FILE = Timer/Info.plist;
				LD_RUNPATH_SEARCH_PATHS = (
					"$(inherited)",
					"@executable_path/Frameworks",
				);
				PRODUCT_BUNDLE_IDENTIFIER = yelyzavetaKartseva.Timer;
				PRODUCT_NAME = "$(TARGET_NAME)";
				SWIFT_VERSION = 5.0;
				TARGETED_DEVICE_FAMILY = "1,2";
			};
			name = Release;
		};
/* End XCBuildConfiguration section */

/* Begin XCConfigurationList section */
		F155CF7924E2D0D60005C933 /* Build configuration list for PBXProject "Timer" */ = {
			isa = XCConfigurationList;
			buildConfigurations = (
				F155CF9324E2D0D70005C933 /* Debug */,
				F155CF9424E2D0D70005C933 /* Release */,
			);
			defaultConfigurationIsVisible = 0;
			defaultConfigurationName = Release;
		};
		F155CF9524E2D0D70005C933 /* Build configuration list for PBXNativeTarget "Timer" */ = {
			isa = XCConfigurationList;
			buildConfigurations = (
				F155CF9624E2D0D70005C933 /* Debug */,
				F155CF9724E2D0D70005C933 /* Release */,
			);
			defaultConfigurationIsVisible = 0;
			defaultConfigurationName = Release;
		};
/* End XCConfigurationList section */

/* Begin XCVersionGroup section */
		F155CF8A24E2D0D60005C933 /* Timer.xcdatamodeld */ = {
			isa = XCVersionGroup;
			children = (
				F155CF8B24E2D0D60005C933 /* Timer.xcdatamodel */,
			);
			currentVersion = F155CF8B24E2D0D60005C933 /* Timer.xcdatamodel */;
			path = Timer.xcdatamodeld;
			sourceTree = "<group>";
			versionGroupType = wrapper.xcdatamodel;
		};
/* End XCVersionGroup section */
	};
	rootObject = F155CF7624E2D0D60005C933 /* Project object */;
}
